
Microsoft Visual Studio Solution File, Format Version 12.00
# Visual Studio Version 17
VisualStudioVersion = 17.1.32421.90
MinimumVisualStudioVersion = 10.0.40219.1
Project("{9A19103F-16F7-4668-BE54-9A1E7A4F7556}") = "NetApp.Common", "NetApp.Common.csproj", "{A7708F9B-FD90-444F-8627-F4D9DC431618}"
EndProject
Global
	GlobalSection(SolutionConfigurationPlatforms) = preSolution
		Debug|Any CPU = Debug|Any CPU
		Release|Any CPU = Release|Any CPU
	EndGlobalSection
	GlobalSection(ProjectConfigurationPlatforms) = postSolution
		{A7708F9B-FD90-444F-8627-F4D9DC431618}.Debug|Any CPU.ActiveCfg = Debug|Any CPU
		{A7708F9B-FD90-444F-8627-F4D9DC431618}.Debug|Any CPU.Build.0 = Debug|Any CPU
		{A7708F9B-FD90-444F-8627-F4D9DC431618}.Release|Any CPU.ActiveCfg = Release|Any CPU
		{A7708F9B-FD90-444F-8627-F4D9DC431618}.Release|Any CPU.Build.0 = Release|Any CPU
	EndGlobalSection
	GlobalSection(SolutionProperties) = preSolution
		HideSolutionNode = FALSE
	EndGlobalSection
	GlobalSection(ExtensibilityGlobals) = postSolution
		SolutionGuid = {091699F1-8E41-4861-BFBE-D5DCC3166A7B}
	EndGlobalSection
EndGlobal
