
Microsoft Visual Studio Solution File, Format Version 12.00
# Visual Studio Version 17
VisualStudioVersion = 17.1.32421.90
MinimumVisualStudioVersion = 10.0.40219.1
Project("{9A19103F-16F7-4668-BE54-9A1E7A4F7556}") = "NetApp.Common", "NetApp.Common\NetApp.Common.csproj", "{FBB96A78-8E6C-4D3D-B151-6C6AAE7DD7B2}"
EndProject
Project("{FAE04EC0-301F-11D3-BF4B-00C04F79EFBC}") = "NetApp.Common.Test", "NetApp.Common.Test\NetApp.Common.Test.csproj", "{1285FC88-F7CB-4DBB-94E7-623FADD20B04}"
EndProject
Global
	GlobalSection(SolutionConfigurationPlatforms) = preSolution
		Debug|Any CPU = Debug|Any CPU
		Release|Any CPU = Release|Any CPU
	EndGlobalSection
	GlobalSection(ProjectConfigurationPlatforms) = postSolution
		{FBB96A78-8E6C-4D3D-B151-6C6AAE7DD7B2}.Debug|Any CPU.ActiveCfg = Debug|Any CPU
		{FBB96A78-8E6C-4D3D-B151-6C6AAE7DD7B2}.Debug|Any CPU.Build.0 = Debug|Any CPU
		{FBB96A78-8E6C-4D3D-B151-6C6AAE7DD7B2}.Release|Any CPU.ActiveCfg = Release|Any CPU
		{FBB96A78-8E6C-4D3D-B151-6C6AAE7DD7B2}.Release|Any CPU.Build.0 = Release|Any CPU
		{1285FC88-F7CB-4DBB-94E7-623FADD20B04}.Debug|Any CPU.ActiveCfg = Debug|Any CPU
		{1285FC88-F7CB-4DBB-94E7-623FADD20B04}.Debug|Any CPU.Build.0 = Debug|Any CPU
		{1285FC88-F7CB-4DBB-94E7-623FADD20B04}.Release|Any CPU.ActiveCfg = Release|Any CPU
		{1285FC88-F7CB-4DBB-94E7-623FADD20B04}.Release|Any CPU.Build.0 = Release|Any CPU
	EndGlobalSection
	GlobalSection(SolutionProperties) = preSolution
		HideSolutionNode = FALSE
	EndGlobalSection
	GlobalSection(ExtensibilityGlobals) = postSolution
		SolutionGuid = {091699F1-8E41-4861-BFBE-D5DCC3166A7B}
	EndGlobalSection
EndGlobal
